Microsoft Visual Studio Solution File, Format Version 12.00
# Visual Studio Version 17
VisualStudioVersion = 17.5.2.0
MinimumVisualStudioVersion = 10.0.40219.1
Project("{FAE04EC0-301F-11D3-BF4B-00C04F79EFBC}") = "HomeEnergyApi", "HomeEnergyApi.csproj", "{D95C6F83-3BB3-4684-438A-17D792E060EC}"
EndProject
Global
	GlobalSection(SolutionConfigurationPlatforms) = preSolution
		Debug|Any CPU = Debug|Any CPU
		Release|Any CPU = Release|Any CPU
	EndGlobalSection
	GlobalSection(ProjectConfigurationPlatforms) = postSolution
		{D95C6F83-3BB3-4684-438A-17D792E060EC}.Debug|Any CPU.ActiveCfg = Debug|Any CPU
		{D95C6F83-3BB3-4684-438A-17D792E060EC}.Debug|Any CPU.Build.0 = Debug|Any CPU
		{D95C6F83-3BB3-4684-438A-17D792E060EC}.Release|Any CPU.ActiveCfg = Release|Any CPU
		{D95C6F83-3BB3-4684-438A-17D792E060EC}.Release|Any CPU.Build.0 = Release|Any CPU
	EndGlobalSection
	GlobalSection(SolutionProperties) = preSolution
		HideSolutionNode = FALSE
	EndGlobalSection
	GlobalSection(ExtensibilityGlobals) = postSolution
		SolutionGuid = {051B9900-D106-46A2-9654-FD29D7F5157A}
	EndGlobalSection
EndGlobal
